
Microsoft Visual Studio Solution File, Format Version 12.00
# Visual Studio 15
VisualStudioVersion = 15.0.34320.172
MinimumVisualStudioVersion = 10.0.40219.1
Project("{FAE04EC0-301F-11D3-BF4B-00C04F79EFBC}") = "Lab13", "Lab13\Lab13.csproj", "{BAEB0B10-9944-4873-A083-CED231B1D72A}"
EndProject
Global
	GlobalSection(SolutionConfigurationPlatforms) = preSolution
		Debug|Any CPU = Debug|Any CPU
		Release|Any CPU = Release|Any CPU
	EndGlobalSection
	GlobalSection(ProjectConfigurationPlatforms) = postSolution
		{BAEB0B10-9944-4873-A083-CED231B1D72A}.Debug|Any CPU.ActiveCfg = Debug|Any CPU
		{BAEB0B10-9944-4873-A083-CED231B1D72A}.Debug|Any CPU.Build.0 = Debug|Any CPU
		{BAEB0B10-9944-4873-A083-CED231B1D72A}.Release|Any CPU.ActiveCfg = Release|Any CPU
		{BAEB0B10-9944-4873-A083-CED231B1D72A}.Release|Any CPU.Build.0 = Release|Any CPU
	EndGlobalSection
	GlobalSection(SolutionProperties) = preSolution
		HideSolutionNode = FALSE
	EndGlobalSection
	GlobalSection(ExtensibilityGlobals) = postSolution
		SolutionGuid = {41D4CF9D-9C40-4FD8-A4DE-E5A074F71C40}
	EndGlobalSection
EndGlobal
